
Microsoft Visual Studio Solution File, Format Version 12.00
# Visual Studio 15
VisualStudioVersion = 15.0.27703.2018
MinimumVisualStudioVersion = 10.0.40219.1
Project("{FAE04EC0-301F-11D3-BF4B-00C04F79EFBC}") = "WpfApp1", "WpfApp1\WpfApp1.csproj", "{719721F1-B217-40C6-ACF4-BE1BEB506B2D}"
EndProject
Global
	GlobalSection(SolutionConfigurationPlatforms) = preSolution
		Debug|Any CPU = Debug|Any CPU
		Release|Any CPU = Release|Any CPU
	EndGlobalSection
	GlobalSection(ProjectConfigurationPlatforms) = postSolution
		{719721F1-B217-40C6-ACF4-BE1BEB506B2D}.Debug|Any CPU.ActiveCfg = Debug|Any CPU
		{719721F1-B217-40C6-ACF4-BE1BEB506B2D}.Debug|Any CPU.Build.0 = Debug|Any CPU
		{719721F1-B217-40C6-ACF4-BE1BEB506B2D}.Release|Any CPU.ActiveCfg = Release|Any CPU
		{719721F1-B217-40C6-ACF4-BE1BEB506B2D}.Release|Any CPU.Build.0 = Release|Any CPU
	EndGlobalSection
	GlobalSection(SolutionProperties) = preSolution
		HideSolutionNode = FALSE
	EndGlobalSection
	GlobalSection(ExtensibilityGlobals) = postSolution
		SolutionGuid = {2F709912-8256-481A-9A2B-E7115544B24C}
	EndGlobalSection
EndGlobal
